
Microsoft Visual Studio Solution File, Format Version 12.00
# Visual Studio Version 17
VisualStudioVersion = 17.14.36616.10 d17.14
MinimumVisualStudioVersion = 10.0.40219.1
Project("{FAE04EC0-301F-11D3-BF4B-00C04F79EFBC}") = "NewProjectForWork", "NewProjectForWork\NewProjectForWork.csproj", "{9E7E4BCA-2836-4392-931F-5115B6B2B6B8}"
EndProject
Project("{2150E333-8FDC-42A3-9474-1A3956D46DE8}") = "Core", "Core", "{02EA681E-C7D8-13C7-8484-4AC65E1B71E8}"
EndProject
Project("{FAE04EC0-301F-11D3-BF4B-00C04F79EFBC}") = "Domain", "Domain\Domain.csproj", "{9F5CCD86-A0E7-40AF-B9D1-AC0EFDD2CC1B}"
EndProject
Project("{FAE04EC0-301F-11D3-BF4B-00C04F79EFBC}") = "Services", "Services\Services.csproj", "{F8FBCA62-D1C4-491E-A059-45A8CAEBAA41}"
EndProject
Project("{FAE04EC0-301F-11D3-BF4B-00C04F79EFBC}") = "ServicesAbstraction", "ServicesAbstraction\ServicesAbstraction.csproj", "{FF9615F3-36FB-4FC7-A7C9-0029CB8B321E}"
EndProject
Project("{2150E333-8FDC-42A3-9474-1A3956D46DE8}") = "Infrastruture", "Infrastruture", "{BA55A693-8ECD-4702-8125-3D6D215BCC31}"
EndProject
Project("{FAE04EC0-301F-11D3-BF4B-00C04F79EFBC}") = "Persistance", "Persistance\Persistance.csproj", "{6DBF4116-3900-47B6-8A5A-4F0003F1B217}"
EndProject
Project("{FAE04EC0-301F-11D3-BF4B-00C04F79EFBC}") = "Presentation", "Presentation\Presentation.csproj", "{F4F6CDC3-098E-49C5-89B1-1D0C46446EC3}"
EndProject
Project("{FAE04EC0-301F-11D3-BF4B-00C04F79EFBC}") = "Shared", "Shared\Shared.csproj", "{484DB5FE-5690-4165-910D-13189A323476}"
EndProject
Global
	GlobalSection(SolutionConfigurationPlatforms) = preSolution
		Debug|Any CPU = Debug|Any CPU
		Release|Any CPU = Release|Any CPU
	EndGlobalSection
	GlobalSection(ProjectConfigurationPlatforms) = postSolution
		{9E7E4BCA-2836-4392-931F-5115B6B2B6B8}.Debug|Any CPU.ActiveCfg = Debug|Any CPU
		{9E7E4BCA-2836-4392-931F-5115B6B2B6B8}.Debug|Any CPU.Build.0 = Debug|Any CPU
		{9E7E4BCA-2836-4392-931F-5115B6B2B6B8}.Release|Any CPU.ActiveCfg = Release|Any CPU
		{9E7E4BCA-2836-4392-931F-5115B6B2B6B8}.Release|Any CPU.Build.0 = Release|Any CPU
		{9F5CCD86-A0E7-40AF-B9D1-AC0EFDD2CC1B}.Debug|Any CPU.ActiveCfg = Debug|Any CPU
		{9F5CCD86-A0E7-40AF-B9D1-AC0EFDD2CC1B}.Debug|Any CPU.Build.0 = Debug|Any CPU
		{9F5CCD86-A0E7-40AF-B9D1-AC0EFDD2CC1B}.Release|Any CPU.ActiveCfg = Release|Any CPU
		{9F5CCD86-A0E7-40AF-B9D1-AC0EFDD2CC1B}.Release|Any CPU.Build.0 = Release|Any CPU
		{F8FBCA62-D1C4-491E-A059-45A8CAEBAA41}.Debug|Any CPU.ActiveCfg = Debug|Any CPU
		{F8FBCA62-D1C4-491E-A059-45A8CAEBAA41}.Debug|Any CPU.Build.0 = Debug|Any CPU
		{F8FBCA62-D1C4-491E-A059-45A8CAEBAA41}.Release|Any CPU.ActiveCfg = Release|Any CPU
		{F8FBCA62-D1C4-491E-A059-45A8CAEBAA41}.Release|Any CPU.Build.0 = Release|Any CPU
		{FF9615F3-36FB-4FC7-A7C9-0029CB8B321E}.Debug|Any CPU.ActiveCfg = Debug|Any CPU
		{FF9615F3-36FB-4FC7-A7C9-0029CB8B321E}.Debug|Any CPU.Build.0 = Debug|Any CPU
		{FF9615F3-36FB-4FC7-A7C9-0029CB8B321E}.Release|Any CPU.ActiveCfg = Release|Any CPU
		{FF9615F3-36FB-4FC7-A7C9-0029CB8B321E}.Release|Any CPU.Build.0 = Release|Any CPU
		{6DBF4116-3900-47B6-8A5A-4F0003F1B217}.Debug|Any CPU.ActiveCfg = Debug|Any CPU
		{6DBF4116-3900-47B6-8A5A-4F0003F1B217}.Debug|Any CPU.Build.0 = Debug|Any CPU
		{6DBF4116-3900-47B6-8A5A-4F0003F1B217}.Release|Any CPU.ActiveCfg = Release|Any CPU
		{6DBF4116-3900-47B6-8A5A-4F0003F1B217}.Release|Any CPU.Build.0 = Release|Any CPU
		{F4F6CDC3-098E-49C5-89B1-1D0C46446EC3}.Debug|Any CPU.ActiveCfg = Debug|Any CPU
		{F4F6CDC3-098E-49C5-89B1-1D0C46446EC3}.Debug|Any CPU.Build.0 = Debug|Any CPU
		{F4F6CDC3-098E-49C5-89B1-1D0C46446EC3}.Release|Any CPU.ActiveCfg = Release|Any CPU
		{F4F6CDC3-098E-49C5-89B1-1D0C46446EC3}.Release|Any CPU.Build.0 = Release|Any CPU
		{484DB5FE-5690-4165-910D-13189A323476}.Debug|Any CPU.ActiveCfg = Debug|Any CPU
		{484DB5FE-5690-4165-910D-13189A323476}.Debug|Any CPU.Build.0 = Debug|Any CPU
		{484DB5FE-5690-4165-910D-13189A323476}.Release|Any CPU.ActiveCfg = Release|Any CPU
		{484DB5FE-5690-4165-910D-13189A323476}.Release|Any CPU.Build.0 = Release|Any CPU
	EndGlobalSection
	GlobalSection(SolutionProperties) = preSolution
		HideSolutionNode = FALSE
	EndGlobalSection
	GlobalSection(NestedProjects) = preSolution
		{9F5CCD86-A0E7-40AF-B9D1-AC0EFDD2CC1B} = {02EA681E-C7D8-13C7-8484-4AC65E1B71E8}
		{F8FBCA62-D1C4-491E-A059-45A8CAEBAA41} = {02EA681E-C7D8-13C7-8484-4AC65E1B71E8}
		{FF9615F3-36FB-4FC7-A7C9-0029CB8B321E} = {02EA681E-C7D8-13C7-8484-4AC65E1B71E8}
		{6DBF4116-3900-47B6-8A5A-4F0003F1B217} = {BA55A693-8ECD-4702-8125-3D6D215BCC31}
		{F4F6CDC3-098E-49C5-89B1-1D0C46446EC3} = {BA55A693-8ECD-4702-8125-3D6D215BCC31}
	EndGlobalSection
	GlobalSection(ExtensibilityGlobals) = postSolution
		SolutionGuid = {7510D2C5-E05D-4582-ABCE-F2C6D1B934B6}
	EndGlobalSection
EndGlobal
