
Microsoft Visual Studio Solution File, Format Version 12.00
# Visual Studio Version 17
VisualStudioVersion = 17.14.36616.10 d17.14
MinimumVisualStudioVersion = 10.0.40219.1
Project("{FAE04EC0-301F-11D3-BF4B-00C04F79EFBC}") = "NewProjectForWork", "NewProjectForWork\NewProjectForWork.csproj", "{9E7E4BCA-2836-4392-931F-5115B6B2B6B8}"
EndProject
Global
	GlobalSection(SolutionConfigurationPlatforms) = preSolution
		Debug|Any CPU = Debug|Any CPU
		Release|Any CPU = Release|Any CPU
	EndGlobalSection
	GlobalSection(ProjectConfigurationPlatforms) = postSolution
		{9E7E4BCA-2836-4392-931F-5115B6B2B6B8}.Debug|Any CPU.ActiveCfg = Debug|Any CPU
		{9E7E4BCA-2836-4392-931F-5115B6B2B6B8}.Debug|Any CPU.Build.0 = Debug|Any CPU
		{9E7E4BCA-2836-4392-931F-5115B6B2B6B8}.Release|Any CPU.ActiveCfg = Release|Any CPU
		{9E7E4BCA-2836-4392-931F-5115B6B2B6B8}.Release|Any CPU.Build.0 = Release|Any CPU
	EndGlobalSection
	GlobalSection(SolutionProperties) = preSolution
		HideSolutionNode = FALSE
	EndGlobalSection
	GlobalSection(ExtensibilityGlobals) = postSolution
		SolutionGuid = {7510D2C5-E05D-4582-ABCE-F2C6D1B934B6}
	EndGlobalSection
EndGlobal
